
Microsoft Visual Studio Solution File, Format Version 12.00
# Visual Studio Version 16
VisualStudioVersion = 16.0.30225.117
MinimumVisualStudioVersion = 10.0.40219.1
Project("{FAE04EC0-301F-11D3-BF4B-00C04F79EFBC}") = "PrimerASP.NetCore", "PrimerASP.NetCore\PrimerASP.NetCore.csproj", "{191FB8C4-4D02-4BFD-86D2-1FB541F5BCB9}"
EndProject
Global
	GlobalSection(SolutionConfigurationPlatforms) = preSolution
		Debug|Any CPU = Debug|Any CPU
		Release|Any CPU = Release|Any CPU
	EndGlobalSection
	GlobalSection(ProjectConfigurationPlatforms) = postSolution
		{191FB8C4-4D02-4BFD-86D2-1FB541F5BCB9}.Debug|Any CPU.ActiveCfg = Debug|Any CPU
		{191FB8C4-4D02-4BFD-86D2-1FB541F5BCB9}.Debug|Any CPU.Build.0 = Debug|Any CPU
		{191FB8C4-4D02-4BFD-86D2-1FB541F5BCB9}.Release|Any CPU.ActiveCfg = Release|Any CPU
		{191FB8C4-4D02-4BFD-86D2-1FB541F5BCB9}.Release|Any CPU.Build.0 = Release|Any CPU
	EndGlobalSection
	GlobalSection(SolutionProperties) = preSolution
		HideSolutionNode = FALSE
	EndGlobalSection
	GlobalSection(ExtensibilityGlobals) = postSolution
		SolutionGuid = {7A12727B-60BF-42AC-8ABB-1D1EE039735B}
	EndGlobalSection
EndGlobal
